
Microsoft Visual Studio Solution File, Format Version 12.00
# Visual Studio Version 16
VisualStudioVersion = 16.0.33214.272
MinimumVisualStudioVersion = 10.0.40219.1
Project("{FAE04EC0-301F-11D3-BF4B-00C04F79EFBC}") = "BrokersLandedCostsGenerator", "BrokersLandedCostsGenerator\BrokersLandedCostsGenerator.csproj", "{DDB84155-4FBE-4363-A662-331281394539}"
EndProject
Global
	GlobalSection(SolutionConfigurationPlatforms) = preSolution
		Debug|Any CPU = Debug|Any CPU
		Release|Any CPU = Release|Any CPU
	EndGlobalSection
	GlobalSection(ProjectConfigurationPlatforms) = postSolution
		{DDB84155-4FBE-4363-A662-331281394539}.Debug|Any CPU.ActiveCfg = Debug|Any CPU
		{DDB84155-4FBE-4363-A662-331281394539}.Debug|Any CPU.Build.0 = Debug|Any CPU
		{DDB84155-4FBE-4363-A662-331281394539}.Release|Any CPU.ActiveCfg = Release|Any CPU
		{DDB84155-4FBE-4363-A662-331281394539}.Release|Any CPU.Build.0 = Release|Any CPU
	EndGlobalSection
	GlobalSection(SolutionProperties) = preSolution
		HideSolutionNode = FALSE
	EndGlobalSection
	GlobalSection(ExtensibilityGlobals) = postSolution
		SolutionGuid = {1A00AE75-A1AA-4338-89C9-DB124F41F110}
	EndGlobalSection
EndGlobal
